
Microsoft Visual Studio Solution File, Format Version 12.00
# Visual Studio Version 17
VisualStudioVersion = 17.4.33213.308
MinimumVisualStudioVersion = 10.0.40219.1
Project("{FAE04EC0-301F-11D3-BF4B-00C04F79EFBC}") = "NetCoreAPIMySQL_LaSolucion", "NetCoreAPIMySQL_LaSolucion\NetCoreAPIMySQL_LaSolucion.csproj", "{3B59E065-A50B-476C-9112-D13DE734CFFB}"
EndProject
Project("{FAE04EC0-301F-11D3-BF4B-00C04F79EFBC}") = "NetCoreAPIMySQL.Data", "NetCoreAPIMySQL.Data\NetCoreAPIMySQL.Data.csproj", "{48FD739F-D075-4B82-9CBE-A42603DC04FD}"
EndProject
Project("{FAE04EC0-301F-11D3-BF4B-00C04F79EFBC}") = "NetCoreAPIMySQL.Model", "NetCoreAPIMySQL.Model\NetCoreAPIMySQL.Model.csproj", "{B6106DA0-126F-4A5D-A102-B02EA97DCE95}"
EndProject
Global
	GlobalSection(SolutionConfigurationPlatforms) = preSolution
		Debug|Any CPU = Debug|Any CPU
		Release|Any CPU = Release|Any CPU
	EndGlobalSection
	GlobalSection(ProjectConfigurationPlatforms) = postSolution
		{3B59E065-A50B-476C-9112-D13DE734CFFB}.Debug|Any CPU.ActiveCfg = Debug|Any CPU
		{3B59E065-A50B-476C-9112-D13DE734CFFB}.Debug|Any CPU.Build.0 = Debug|Any CPU
		{3B59E065-A50B-476C-9112-D13DE734CFFB}.Release|Any CPU.ActiveCfg = Release|Any CPU
		{3B59E065-A50B-476C-9112-D13DE734CFFB}.Release|Any CPU.Build.0 = Release|Any CPU
		{48FD739F-D075-4B82-9CBE-A42603DC04FD}.Debug|Any CPU.ActiveCfg = Debug|Any CPU
		{48FD739F-D075-4B82-9CBE-A42603DC04FD}.Debug|Any CPU.Build.0 = Debug|Any CPU
		{48FD739F-D075-4B82-9CBE-A42603DC04FD}.Release|Any CPU.ActiveCfg = Release|Any CPU
		{48FD739F-D075-4B82-9CBE-A42603DC04FD}.Release|Any CPU.Build.0 = Release|Any CPU
		{B6106DA0-126F-4A5D-A102-B02EA97DCE95}.Debug|Any CPU.ActiveCfg = Debug|Any CPU
		{B6106DA0-126F-4A5D-A102-B02EA97DCE95}.Debug|Any CPU.Build.0 = Debug|Any CPU
		{B6106DA0-126F-4A5D-A102-B02EA97DCE95}.Release|Any CPU.ActiveCfg = Release|Any CPU
		{B6106DA0-126F-4A5D-A102-B02EA97DCE95}.Release|Any CPU.Build.0 = Release|Any CPU
	EndGlobalSection
	GlobalSection(SolutionProperties) = preSolution
		HideSolutionNode = FALSE
	EndGlobalSection
	GlobalSection(ExtensibilityGlobals) = postSolution
		SolutionGuid = {8CCB490F-9858-4566-BF37-913D44786086}
	EndGlobalSection
EndGlobal
